
Microsoft Visual Studio Solution File, Format Version 12.00
# Visual Studio Version 16
VisualStudioVersion = 16.0.30503.244
MinimumVisualStudioVersion = 10.0.40219.1
Project("{8BC9CEB8-8B4A-11D0-8D11-00A0C91BC942}") = "PinSwipe", "PinSwipe\PinSwipe.vcxproj", "{1DDD15AA-D837-4143-A272-0E08F9ED6C40}"
EndProject
Project("{FAE04EC0-301F-11D3-BF4B-00C04F79EFBC}") = "PinSwipeListener", "PinSwipeListener\PinSwipeListener.csproj", "{38DC10CF-299B-4ACF-9002-C56C048F40D6}"
EndProject
Global
	GlobalSection(SolutionConfigurationPlatforms) = preSolution
		Debug|Any CPU = Debug|Any CPU
		Debug|x64 = Debug|x64
		Debug|x86 = Debug|x86
		Release|Any CPU = Release|Any CPU
		Release|x64 = Release|x64
		Release|x86 = Release|x86
	EndGlobalSection
	GlobalSection(ProjectConfigurationPlatforms) = postSolution
		{1DDD15AA-D837-4143-A272-0E08F9ED6C40}.Debug|Any CPU.ActiveCfg = Debug|Win32
		{1DDD15AA-D837-4143-A272-0E08F9ED6C40}.Debug|x64.ActiveCfg = Debug|x64
		{1DDD15AA-D837-4143-A272-0E08F9ED6C40}.Debug|x64.Build.0 = Debug|x64
		{1DDD15AA-D837-4143-A272-0E08F9ED6C40}.Debug|x86.ActiveCfg = Debug|Win32
		{1DDD15AA-D837-4143-A272-0E08F9ED6C40}.Debug|x86.Build.0 = Debug|Win32
		{1DDD15AA-D837-4143-A272-0E08F9ED6C40}.Release|Any CPU.ActiveCfg = Release|Win32
		{1DDD15AA-D837-4143-A272-0E08F9ED6C40}.Release|x64.ActiveCfg = Release|x64
		{1DDD15AA-D837-4143-A272-0E08F9ED6C40}.Release|x64.Build.0 = Release|x64
		{1DDD15AA-D837-4143-A272-0E08F9ED6C40}.Release|x86.ActiveCfg = Release|Win32
		{1DDD15AA-D837-4143-A272-0E08F9ED6C40}.Release|x86.Build.0 = Release|Win32
		{38DC10CF-299B-4ACF-9002-C56C048F40D6}.Debug|Any CPU.ActiveCfg = Debug|Any CPU
		{38DC10CF-299B-4ACF-9002-C56C048F40D6}.Debug|Any CPU.Build.0 = Debug|Any CPU
		{38DC10CF-299B-4ACF-9002-C56C048F40D6}.Debug|x64.ActiveCfg = Debug|Any CPU
		{38DC10CF-299B-4ACF-9002-C56C048F40D6}.Debug|x64.Build.0 = Debug|Any CPU
		{38DC10CF-299B-4ACF-9002-C56C048F40D6}.Debug|x86.ActiveCfg = Debug|Any CPU
		{38DC10CF-299B-4ACF-9002-C56C048F40D6}.Debug|x86.Build.0 = Debug|Any CPU
		{38DC10CF-299B-4ACF-9002-C56C048F40D6}.Release|Any CPU.ActiveCfg = Release|Any CPU
		{38DC10CF-299B-4ACF-9002-C56C048F40D6}.Release|Any CPU.Build.0 = Release|Any CPU
		{38DC10CF-299B-4ACF-9002-C56C048F40D6}.Release|x64.ActiveCfg = Release|Any CPU
		{38DC10CF-299B-4ACF-9002-C56C048F40D6}.Release|x64.Build.0 = Release|Any CPU
		{38DC10CF-299B-4ACF-9002-C56C048F40D6}.Release|x86.ActiveCfg = Release|Any CPU
		{38DC10CF-299B-4ACF-9002-C56C048F40D6}.Release|x86.Build.0 = Release|Any CPU
	EndGlobalSection
	GlobalSection(SolutionProperties) = preSolution
		HideSolutionNode = FALSE
	EndGlobalSection
	GlobalSection(ExtensibilityGlobals) = postSolution
		SolutionGuid = {21E8CBAE-C4CC-442B-8FAC-B9C9ABADF92E}
	EndGlobalSection
EndGlobal
